// !$*UTF8*$!
{
	archiveVersion = 1;
	classes = {
	};
	objectVersion = 56;
	objects = {

/* Begin PBXBuildFile section */
		6953C58B2B1FE3AD0024BA99 /* VideoModel.swift in Sources */ = {isa = PBXBuildFile; fileRef = 6953C58A2B1FE3AD0024BA99 /* VideoModel.swift */; };
		6953C58D2B1FE3F30024BA99 /* VideoListItemView.swift in Sources */ = {isa = PBXBuildFile; fileRef = 6953C58C2B1FE3F30024BA99 /* VideoListItemView.swift */; };
		696711C12B1F668900B487F5 /* InsetFactView.swift in Sources */ = {isa = PBXBuildFile; fileRef = 696711C02B1F668900B487F5 /* InsetFactView.swift */; };
		696711C32B1F6A9500B487F5 /* InsetMapView.swift in Sources */ = {isa = PBXBuildFile; fileRef = 696711C22B1F6A9500B487F5 /* InsetMapView.swift */; };
		696711C52B1F76DF00B487F5 /* ExternalWeblinkView.swift in Sources */ = {isa = PBXBuildFile; fileRef = 696711C42B1F76DF00B487F5 /* ExternalWeblinkView.swift */; };
		69E329A82B1E06710074C3F5 /* AfricaApp.swift in Sources */ = {isa = PBXBuildFile; fileRef = 69E329A72B1E06710074C3F5 /* AfricaApp.swift */; };
		69E329AA2B1E06710074C3F5 /* ContentView.swift in Sources */ = {isa = PBXBuildFile; fileRef = 69E329A92B1E06710074C3F5 /* ContentView.swift */; };
		69E329AC2B1E06710074C3F5 /* Assets.xcassets in Resources */ = {isa = PBXBuildFile; fileRef = 69E329AB2B1E06710074C3F5 /* Assets.xcassets */; };
		69E329AF2B1E06710074C3F5 /* Preview Assets.xcassets in Resources */ = {isa = PBXBuildFile; fileRef = 69E329AE2B1E06710074C3F5 /* Preview Assets.xcassets */; };
		69E329C02B1E1BA40074C3F5 /* giraffe.mp4 in Resources */ = {isa = PBXBuildFile; fileRef = 69E329B62B1E1BA20074C3F5 /* giraffe.mp4 */; };
		69E329C12B1E1BA40074C3F5 /* elephant.mp4 in Resources */ = {isa = PBXBuildFile; fileRef = 69E329B72B1E1BA20074C3F5 /* elephant.mp4 */; };
		69E329C22B1E1BA40074C3F5 /* hippo.mp4 in Resources */ = {isa = PBXBuildFile; fileRef = 69E329B82B1E1BA30074C3F5 /* hippo.mp4 */; };
		69E329C32B1E1BA40074C3F5 /* lion.mp4 in Resources */ = {isa = PBXBuildFile; fileRef = 69E329B92B1E1BA30074C3F5 /* lion.mp4 */; };
		69E329C42B1E1BA40074C3F5 /* lioness.mp4 in Resources */ = {isa = PBXBuildFile; fileRef = 69E329BA2B1E1BA30074C3F5 /* lioness.mp4 */; };
		69E329C52B1E1BA40074C3F5 /* ostrich.mp4 in Resources */ = {isa = PBXBuildFile; fileRef = 69E329BB2B1E1BA30074C3F5 /* ostrich.mp4 */; };
		69E329C62B1E1BA40074C3F5 /* rhino.mp4 in Resources */ = {isa = PBXBuildFile; fileRef = 69E329BC2B1E1BA40074C3F5 /* rhino.mp4 */; };
		69E329C72B1E1BA40074C3F5 /* zebra.mp4 in Resources */ = {isa = PBXBuildFile; fileRef = 69E329BD2B1E1BA40074C3F5 /* zebra.mp4 */; };
		69E329C82B1E1BA40074C3F5 /* cheetah.mp4 in Resources */ = {isa = PBXBuildFile; fileRef = 69E329BE2B1E1BA40074C3F5 /* cheetah.mp4 */; };
		69E329C92B1E1BA40074C3F5 /* gorilla.mp4 in Resources */ = {isa = PBXBuildFile; fileRef = 69E329BF2B1E1BA40074C3F5 /* gorilla.mp4 */; };
		69E329D12B1E1BEC0074C3F5 /* covers.json in Resources */ = {isa = PBXBuildFile; fileRef = 69E329CD2B1E1BEC0074C3F5 /* covers.json */; };
		69E329D22B1E1BEC0074C3F5 /* animals.json in Resources */ = {isa = PBXBuildFile; fileRef = 69E329CE2B1E1BEC0074C3F5 /* animals.json */; };
		69E329D32B1E1BEC0074C3F5 /* videos.json in Resources */ = {isa = PBXBuildFile; fileRef = 69E329CF2B1E1BEC0074C3F5 /* videos.json */; };
		69E329D42B1E1BEC0074C3F5 /* locations.json in Resources */ = {isa = PBXBuildFile; fileRef = 69E329D02B1E1BEC0074C3F5 /* locations.json */; };
		69E329D82B1E1F870074C3F5 /* VideoListView.swift in Sources */ = {isa = PBXBuildFile; fileRef = 69E329D72B1E1F870074C3F5 /* VideoListView.swift */; };
		69E329DA2B1E22D80074C3F5 /* MapView.swift in Sources */ = {isa = PBXBuildFile; fileRef = 69E329D92B1E22D80074C3F5 /* MapView.swift */; };
		69E329DC2B1E22EC0074C3F5 /* GalleryView.swift in Sources */ = {isa = PBXBuildFile; fileRef = 69E329DB2B1E22EC0074C3F5 /* GalleryView.swift */; };
		69E329DE2B1E22FF0074C3F5 /* MainView.swift in Sources */ = {isa = PBXBuildFile; fileRef = 69E329DD2B1E22FF0074C3F5 /* MainView.swift */; };
		69E329E12B1E258C0074C3F5 /* CoverImageView.swift in Sources */ = {isa = PBXBuildFile; fileRef = 69E329E02B1E258C0074C3F5 /* CoverImageView.swift */; };
		69E329E42B1E2A530074C3F5 /* CoverImageModel.swift in Sources */ = {isa = PBXBuildFile; fileRef = 69E329E32B1E2A530074C3F5 /* CoverImageModel.swift */; };
		69E329E72B1E30050074C3F5 /* CodableBundleExtension.swift in Sources */ = {isa = PBXBuildFile; fileRef = 69E329E62B1E30050074C3F5 /* CodableBundleExtension.swift */; };
		69E329E92B1E449C0074C3F5 /* AnimalListItemView.swift in Sources */ = {isa = PBXBuildFile; fileRef = 69E329E82B1E449C0074C3F5 /* AnimalListItemView.swift */; };
		69E329EB2B1E46420074C3F5 /* AnimalModel.swift in Sources */ = {isa = PBXBuildFile; fileRef = 69E329EA2B1E46420074C3F5 /* AnimalModel.swift */; };
		69E329ED2B1E91240074C3F5 /* AnimalDetailView.swift in Sources */ = {isa = PBXBuildFile; fileRef = 69E329EC2B1E91240074C3F5 /* AnimalDetailView.swift */; };
		69E329EF2B1E93850074C3F5 /* HeadingView.swift in Sources */ = {isa = PBXBuildFile; fileRef = 69E329EE2B1E93850074C3F5 /* HeadingView.swift */; };
		69E329F12B1E94B70074C3F5 /* InsetGalleryView.swift in Sources */ = {isa = PBXBuildFile; fileRef = 69E329F02B1E94B70074C3F5 /* InsetGalleryView.swift */; };
/* End PBXBuildFile section */

/* Begin PBXFileReference section */
		6953C58A2B1FE3AD0024BA99 /* VideoModel.swift */ = {isa = PBXFileReference; lastKnownFileType = sourcecode.swift; path = VideoModel.swift; sourceTree = "<group>"; };
		6953C58C2B1FE3F30024BA99 /* VideoListItemView.swift */ = {isa = PBXFileReference; lastKnownFileType = sourcecode.swift; path = VideoListItemView.swift; sourceTree = "<group>"; };
		696711C02B1F668900B487F5 /* InsetFactView.swift */ = {isa = PBXFileReference; lastKnownFileType = sourcecode.swift; path = InsetFactView.swift; sourceTree = "<group>"; };
		696711C22B1F6A9500B487F5 /* InsetMapView.swift */ = {isa = PBXFileReference; lastKnownFileType = sourcecode.swift; path = InsetMapView.swift; sourceTree = "<group>"; };
		696711C42B1F76DF00B487F5 /* ExternalWeblinkView.swift */ = {isa = PBXFileReference; lastKnownFileType = sourcecode.swift; path = ExternalWeblinkView.swift; sourceTree = "<group>"; };
		69E329A42B1E06710074C3F5 /* Africa.app */ = {isa = PBXFileReference; explicitFileType = wrapper.application; includeInIndex = 0; path = Africa.app; sourceTree = BUILT_PRODUCTS_DIR; };
		69E329A72B1E06710074C3F5 /* AfricaApp.swift */ = {isa = PBXFileReference; lastKnownFileType = sourcecode.swift; path = AfricaApp.swift; sourceTree = "<group>"; };
		69E329A92B1E06710074C3F5 /* ContentView.swift */ = {isa = PBXFileReference; lastKnownFileType = sourcecode.swift; path = ContentView.swift; sourceTree = "<group>"; };
		69E329AB2B1E06710074C3F5 /* Assets.xcassets */ = {isa = PBXFileReference; lastKnownFileType = folder.assetcatalog; path = Assets.xcassets; sourceTree = "<group>"; };
		69E329AE2B1E06710074C3F5 /* Preview Assets.xcassets */ = {isa = PBXFileReference; lastKnownFileType = folder.assetcatalog; path = "Preview Assets.xcassets"; sourceTree = "<group>"; };
		69E329B62B1E1BA20074C3F5 /* giraffe.mp4 */ = {isa = PBXFileReference; lastKnownFileType = file; path = giraffe.mp4; sourceTree = "<group>"; };
		69E329B72B1E1BA20074C3F5 /* elephant.mp4 */ = {isa = PBXFileReference; lastKnownFileType = file; path = elephant.mp4; sourceTree = "<group>"; };
		69E329B82B1E1BA30074C3F5 /* hippo.mp4 */ = {isa = PBXFileReference; lastKnownFileType = file; path = hippo.mp4; sourceTree = "<group>"; };
		69E329B92B1E1BA30074C3F5 /* lion.mp4 */ = {isa = PBXFileReference; lastKnownFileType = file; path = lion.mp4; sourceTree = "<group>"; };
		69E329BA2B1E1BA30074C3F5 /* lioness.mp4 */ = {isa = PBXFileReference; lastKnownFileType = file; path = lioness.mp4; sourceTree = "<group>"; };
		69E329BB2B1E1BA30074C3F5 /* ostrich.mp4 */ = {isa = PBXFileReference; lastKnownFileType = file; path = ostrich.mp4; sourceTree = "<group>"; };
		69E329BC2B1E1BA40074C3F5 /* rhino.mp4 */ = {isa = PBXFileReference; lastKnownFileType = file; path = rhino.mp4; sourceTree = "<group>"; };
		69E329BD2B1E1BA40074C3F5 /* zebra.mp4 */ = {isa = PBXFileReference; lastKnownFileType = file; path = zebra.mp4; sourceTree = "<group>"; };
		69E329BE2B1E1BA40074C3F5 /* cheetah.mp4 */ = {isa = PBXFileReference; lastKnownFileType = file; path = cheetah.mp4; sourceTree = "<group>"; };
		69E329BF2B1E1BA40074C3F5 /* gorilla.mp4 */ = {isa = PBXFileReference; lastKnownFileType = file; path = gorilla.mp4; sourceTree = "<group>"; };
		69E329CD2B1E1BEC0074C3F5 /* covers.json */ = {isa = PBXFileReference; fileEncoding = 4; lastKnownFileType = text.json; path = covers.json; sourceTree = "<group>"; };
		69E329CE2B1E1BEC0074C3F5 /* animals.json */ = {isa = PBXFileReference; fileEncoding = 4; lastKnownFileType = text.json; name = animals.json; path = ../../../../Resources/data/animals.json; sourceTree = "<group>"; };
		69E329CF2B1E1BEC0074C3F5 /* videos.json */ = {isa = PBXFileReference; fileEncoding = 4; lastKnownFileType = text.json; path = videos.json; sourceTree = "<group>"; };
		69E329D02B1E1BEC0074C3F5 /* locations.json */ = {isa = PBXFileReference; fileEncoding = 4; lastKnownFileType = text.json; path = locations.json; sourceTree = "<group>"; };
		69E329D52B1E1E670074C3F5 /* Info.plist */ = {isa = PBXFileReference; lastKnownFileType = text.plist; path = Info.plist; sourceTree = "<group>"; };
		69E329D72B1E1F870074C3F5 /* VideoListView.swift */ = {isa = PBXFileReference; lastKnownFileType = sourcecode.swift; path = VideoListView.swift; sourceTree = "<group>"; };
		69E329D92B1E22D80074C3F5 /* MapView.swift */ = {isa = PBXFileReference; lastKnownFileType = sourcecode.swift; path = MapView.swift; sourceTree = "<group>"; };
		69E329DB2B1E22EC0074C3F5 /* GalleryView.swift */ = {isa = PBXFileReference; lastKnownFileType = sourcecode.swift; path = GalleryView.swift; sourceTree = "<group>"; };
		69E329DD2B1E22FF0074C3F5 /* MainView.swift */ = {isa = PBXFileReference; lastKnownFileType = sourcecode.swift; path = MainView.swift; sourceTree = "<group>"; };
		69E329E02B1E258C0074C3F5 /* CoverImageView.swift */ = {isa = PBXFileReference; lastKnownFileType = sourcecode.swift; path = CoverImageView.swift; sourceTree = "<group>"; };
		69E329E32B1E2A530074C3F5 /* CoverImageModel.swift */ = {isa = PBXFileReference; lastKnownFileType = sourcecode.swift; path = CoverImageModel.swift; sourceTree = "<group>"; };
		69E329E62B1E30050074C3F5 /* CodableBundleExtension.swift */ = {isa = PBXFileReference; lastKnownFileType = sourcecode.swift; path = CodableBundleExtension.swift; sourceTree = "<group>"; };
		69E329E82B1E449C0074C3F5 /* AnimalListItemView.swift */ = {isa = PBXFileReference; lastKnownFileType = sourcecode.swift; path = AnimalListItemView.swift; sourceTree = "<group>"; };
		69E329EA2B1E46420074C3F5 /* AnimalModel.swift */ = {isa = PBXFileReference; lastKnownFileType = sourcecode.swift; path = AnimalModel.swift; sourceTree = "<group>"; };
		69E329EC2B1E91240074C3F5 /* AnimalDetailView.swift */ = {isa = PBXFileReference; lastKnownFileType = sourcecode.swift; path = AnimalDetailView.swift; sourceTree = "<group>"; };
		69E329EE2B1E93850074C3F5 /* HeadingView.swift */ = {isa = PBXFileReference; lastKnownFileType = sourcecode.swift; path = HeadingView.swift; sourceTree = "<group>"; };
		69E329F02B1E94B70074C3F5 /* InsetGalleryView.swift */ = {isa = PBXFileReference; lastKnownFileType = sourcecode.swift; path = InsetGalleryView.swift; sourceTree = "<group>"; };
/* End PBXFileReference section */

/* Begin PBXFrameworksBuildPhase section */
		69E329A12B1E06700074C3F5 /* Frameworks */ = {
			isa = PBXFrameworksBuildPhase;
			buildActionMask = 2147483647;
			files = (
			);
			runOnlyForDeploymentPostprocessing = 0;
		};
/* End PBXFrameworksBuildPhase section */

/* Begin PBXGroup section */
		69E3299B2B1E06700074C3F5 = {
			isa = PBXGroup;
			children = (
				69E329A62B1E06710074C3F5 /* Africa */,
				69E329A52B1E06710074C3F5 /* Products */,
			);
			sourceTree = "<group>";
		};
		69E329A52B1E06710074C3F5 /* Products */ = {
			isa = PBXGroup;
			children = (
				69E329A42B1E06710074C3F5 /* Africa.app */,
			);
			name = Products;
			sourceTree = "<group>";
		};
		69E329A62B1E06710074C3F5 /* Africa */ = {
			isa = PBXGroup;
			children = (
				69E329E52B1E2FDB0074C3F5 /* Extension */,
				69E329E22B1E2A210074C3F5 /* Model */,
				69E329DF2B1E257B0074C3F5 /* View */,
				69E329D52B1E1E670074C3F5 /* Info.plist */,
				69E329CA2B1E1BBC0074C3F5 /* Data */,
				69E329B52B1E1B5E0074C3F5 /* Video */,
				69E329D62B1E1F550074C3F5 /* App */,
				69E329AB2B1E06710074C3F5 /* Assets.xcassets */,
				69E329AD2B1E06710074C3F5 /* Preview Content */,
			);
			path = Africa;
			sourceTree = "<group>";
		};
		69E329AD2B1E06710074C3F5 /* Preview Content */ = {
			isa = PBXGroup;
			children = (
				69E329AE2B1E06710074C3F5 /* Preview Assets.xcassets */,
			);
			path = "Preview Content";
			sourceTree = "<group>";
		};
		69E329B52B1E1B5E0074C3F5 /* Video */ = {
			isa = PBXGroup;
			children = (
				69E329BE2B1E1BA40074C3F5 /* cheetah.mp4 */,
				69E329B72B1E1BA20074C3F5 /* elephant.mp4 */,
				69E329B62B1E1BA20074C3F5 /* giraffe.mp4 */,
				69E329BF2B1E1BA40074C3F5 /* gorilla.mp4 */,
				69E329B82B1E1BA30074C3F5 /* hippo.mp4 */,
				69E329B92B1E1BA30074C3F5 /* lion.mp4 */,
				69E329BA2B1E1BA30074C3F5 /* lioness.mp4 */,
				69E329BB2B1E1BA30074C3F5 /* ostrich.mp4 */,
				69E329BC2B1E1BA40074C3F5 /* rhino.mp4 */,
				69E329BD2B1E1BA40074C3F5 /* zebra.mp4 */,
			);
			path = Video;
			sourceTree = "<group>";
		};
		69E329CA2B1E1BBC0074C3F5 /* Data */ = {
			isa = PBXGroup;
			children = (
				69E329CE2B1E1BEC0074C3F5 /* animals.json */,
				69E329CD2B1E1BEC0074C3F5 /* covers.json */,
				69E329D02B1E1BEC0074C3F5 /* locations.json */,
				69E329CF2B1E1BEC0074C3F5 /* videos.json */,
			);
			path = Data;
			sourceTree = "<group>";
		};
		69E329D62B1E1F550074C3F5 /* App */ = {
			isa = PBXGroup;
			children = (
				69E329A72B1E06710074C3F5 /* AfricaApp.swift */,
				69E329A92B1E06710074C3F5 /* ContentView.swift */,
				69E329D72B1E1F870074C3F5 /* VideoListView.swift */,
				69E329D92B1E22D80074C3F5 /* MapView.swift */,
				69E329DB2B1E22EC0074C3F5 /* GalleryView.swift */,
				69E329DD2B1E22FF0074C3F5 /* MainView.swift */,
			);
			path = App;
			sourceTree = "<group>";
		};
		69E329DF2B1E257B0074C3F5 /* View */ = {
			isa = PBXGroup;
			children = (
				69E329E02B1E258C0074C3F5 /* CoverImageView.swift */,
				69E329E82B1E449C0074C3F5 /* AnimalListItemView.swift */,
				69E329EC2B1E91240074C3F5 /* AnimalDetailView.swift */,
				69E329EE2B1E93850074C3F5 /* HeadingView.swift */,
				69E329F02B1E94B70074C3F5 /* InsetGalleryView.swift */,
				696711C02B1F668900B487F5 /* InsetFactView.swift */,
				696711C22B1F6A9500B487F5 /* InsetMapView.swift */,
				696711C42B1F76DF00B487F5 /* ExternalWeblinkView.swift */,
				6953C58C2B1FE3F30024BA99 /* VideoListItemView.swift */,
			);
			path = View;
			sourceTree = "<group>";
		};
		69E329E22B1E2A210074C3F5 /* Model */ = {
			isa = PBXGroup;
			children = (
				69E329E32B1E2A530074C3F5 /* CoverImageModel.swift */,
				69E329EA2B1E46420074C3F5 /* AnimalModel.swift */,
				6953C58A2B1FE3AD0024BA99 /* VideoModel.swift */,
			);
			path = Model;
			sourceTree = "<group>";
		};
		69E329E52B1E2FDB0074C3F5 /* Extension */ = {
			isa = PBXGroup;
			children = (
				69E329E62B1E30050074C3F5 /* CodableBundleExtension.swift */,
			);
			path = Extension;
			sourceTree = "<group>";
		};
/* End PBXGroup section */

/* Begin PBXNativeTarget section */
		69E329A32B1E06700074C3F5 /* Africa */ = {
			isa = PBXNativeTarget;
			buildConfigurationList = 69E329B22B1E06710074C3F5 /* Build configuration list for PBXNativeTarget "Africa" */;
			buildPhases = (
				69E329A02B1E06700074C3F5 /* Sources */,
				69E329A12B1E06700074C3F5 /* Frameworks */,
				69E329A22B1E06700074C3F5 /* Resources */,
			);
			buildRules = (
			);
			dependencies = (
			);
			name = Africa;
			productName = Africa;
			productReference = 69E329A42B1E06710074C3F5 /* Africa.app */;
			productType = "com.apple.product-type.application";
		};
/* End PBXNativeTarget section */

/* Begin PBXProject section */
		69E3299C2B1E06700074C3F5 /* Project object */ = {
			isa = PBXProject;
			attributes = {
				BuildIndependentTargetsInParallel = 1;
				LastSwiftUpdateCheck = 1430;
				LastUpgradeCheck = 1430;
				TargetAttributes = {
					69E329A32B1E06700074C3F5 = {
						CreatedOnToolsVersion = 14.3.1;
					};
				};
			};
			buildConfigurationList = 69E3299F2B1E06700074C3F5 /* Build configuration list for PBXProject "Africa" */;
			compatibilityVersion = "Xcode 14.0";
			developmentRegion = en;
			hasScannedForEncodings = 0;
			knownRegions = (
				en,
				Base,
			);
			mainGroup = 69E3299B2B1E06700074C3F5;
			productRefGroup = 69E329A52B1E06710074C3F5 /* Products */;
			projectDirPath = "";
			projectRoot = "";
			targets = (
				69E329A32B1E06700074C3F5 /* Africa */,
			);
		};
/* End PBXProject section */

/* Begin PBXResourcesBuildPhase section */
		69E329A22B1E06700074C3F5 /* Resources */ = {
			isa = PBXResourcesBuildPhase;
			buildActionMask = 2147483647;
			files = (
				69E329D22B1E1BEC0074C3F5 /* animals.json in Resources */,
				69E329C22B1E1BA40074C3F5 /* hippo.mp4 in Resources */,
				69E329C32B1E1BA40074C3F5 /* lion.mp4 in Resources */,
				69E329C12B1E1BA40074C3F5 /* elephant.mp4 in Resources */,
				69E329C62B1E1BA40074C3F5 /* rhino.mp4 in Resources */,
				69E329D42B1E1BEC0074C3F5 /* locations.json in Resources */,
				69E329C92B1E1BA40074C3F5 /* gorilla.mp4 in Resources */,
				69E329AF2B1E06710074C3F5 /* Preview Assets.xcassets in Resources */,
				69E329AC2B1E06710074C3F5 /* Assets.xcassets in Resources */,
				69E329D12B1E1BEC0074C3F5 /* covers.json in Resources */,
				69E329C72B1E1BA40074C3F5 /* zebra.mp4 in Resources */,
				69E329C42B1E1BA40074C3F5 /* lioness.mp4 in Resources */,
				69E329C52B1E1BA40074C3F5 /* ostrich.mp4 in Resources */,
				69E329D32B1E1BEC0074C3F5 /* videos.json in Resources */,
				69E329C02B1E1BA40074C3F5 /* giraffe.mp4 in Resources */,
				69E329C82B1E1BA40074C3F5 /* cheetah.mp4 in Resources */,
			);
			runOnlyForDeploymentPostprocessing = 0;
		};
/* End PBXResourcesBuildPhase section */

/* Begin PBXSourcesBuildPhase section */
		69E329A02B1E06700074C3F5 /* Sources */ = {
			isa = PBXSourcesBuildPhase;
			buildActionMask = 2147483647;
			files = (
				696711C52B1F76DF00B487F5 /* ExternalWeblinkView.swift in Sources */,
				69E329E92B1E449C0074C3F5 /* AnimalListItemView.swift in Sources */,
				69E329AA2B1E06710074C3F5 /* ContentView.swift in Sources */,
				69E329DE2B1E22FF0074C3F5 /* MainView.swift in Sources */,
				696711C12B1F668900B487F5 /* InsetFactView.swift in Sources */,
				69E329E12B1E258C0074C3F5 /* CoverImageView.swift in Sources */,
				69E329E42B1E2A530074C3F5 /* CoverImageModel.swift in Sources */,
				69E329ED2B1E91240074C3F5 /* AnimalDetailView.swift in Sources */,
				69E329EB2B1E46420074C3F5 /* AnimalModel.swift in Sources */,
				69E329DA2B1E22D80074C3F5 /* MapView.swift in Sources */,
				696711C32B1F6A9500B487F5 /* InsetMapView.swift in Sources */,
				69E329A82B1E06710074C3F5 /* AfricaApp.swift in Sources */,
				69E329D82B1E1F870074C3F5 /* VideoListView.swift in Sources */,
				6953C58B2B1FE3AD0024BA99 /* VideoModel.swift in Sources */,
				69E329DC2B1E22EC0074C3F5 /* GalleryView.swift in Sources */,
				69E329E72B1E30050074C3F5 /* CodableBundleExtension.swift in Sources */,
				6953C58D2B1FE3F30024BA99 /* VideoListItemView.swift in Sources */,
				69E329F12B1E94B70074C3F5 /* InsetGalleryView.swift in Sources */,
				69E329EF2B1E93850074C3F5 /* HeadingView.swift in Sources */,
			);
			runOnlyForDeploymentPostprocessing = 0;
		};
/* End PBXSourcesBuildPhase section */

/* Begin XCBuildConfiguration section */
		69E329B02B1E06710074C3F5 /* Debug */ = {
			isa = XCBuildConfiguration;
			buildSettings = {
				ALWAYS_SEARCH_USER_PATHS = NO;
				CLANG_ANALYZER_NONNULL = YES;
				CLANG_ANALYZER_NUMBER_OBJECT_CONVERSION = YES_AGGRESSIVE;
				CLANG_CXX_LANGUAGE_STANDARD = "gnu++20";
				CLANG_ENABLE_MODULES = YES;
				CLANG_ENABLE_OBJC_ARC = YES;
				CLANG_ENABLE_OBJC_WEAK = YES;
				CLANG_WARN_BLOCK_CAPTURE_AUTORELEASING = YES;
				CLANG_WARN_BOOL_CONVERSION = YES;
				CLANG_WARN_COMMA = YES;
				CLANG_WARN_CONSTANT_CONVERSION = YES;
				CLANG_WARN_DEPRECATED_OBJC_IMPLEMENTATIONS = YES;
				CLANG_WARN_DIRECT_OBJC_ISA_USAGE = YES_ERROR;
				CLANG_WARN_DOCUMENTATION_COMMENTS = YES;
				CLANG_WARN_EMPTY_BODY = YES;
				CLANG_WARN_ENUM_CONVERSION = YES;
				CLANG_WARN_INFINITE_RECURSION = YES;
				CLANG_WARN_INT_CONVERSION = YES;
				CLANG_WARN_NON_LITERAL_NULL_CONVERSION = YES;
				CLANG_WARN_OBJC_IMPLICIT_RETAIN_SELF = YES;
				CLANG_WARN_OBJC_LITERAL_CONVERSION = YES;
				CLANG_WARN_OBJC_ROOT_CLASS = YES_ERROR;
				CLANG_WARN_QUOTED_INCLUDE_IN_FRAMEWORK_HEADER = YES;
				CLANG_WARN_RANGE_LOOP_ANALYSIS = YES;
				CLANG_WARN_STRICT_PROTOTYPES = YES;
				CLANG_WARN_SUSPICIOUS_MOVE = YES;
				CLANG_WARN_UNGUARDED_AVAILABILITY = YES_AGGRESSIVE;
				CLANG_WARN_UNREACHABLE_CODE = YES;
				CLANG_WARN__DUPLICATE_METHOD_MATCH = YES;
				COPY_PHASE_STRIP = NO;
				DEBUG_INFORMATION_FORMAT = dwarf;
				ENABLE_STRICT_OBJC_MSGSEND = YES;
				ENABLE_TESTABILITY = YES;
				GCC_C_LANGUAGE_STANDARD = gnu11;
				GCC_DYNAMIC_NO_PIC = NO;
				GCC_NO_COMMON_BLOCKS = YES;
				GCC_OPTIMIZATION_LEVEL = 0;
				GCC_PREPROCESSOR_DEFINITIONS = (
					"DEBUG=1",
					"$(inherited)",
				);
				GCC_WARN_64_TO_32_BIT_CONVERSION = YES;
				GCC_WARN_ABOUT_RETURN_TYPE = YES_ERROR;
				GCC_WARN_UNDECLARED_SELECTOR = YES;
				GCC_WARN_UNINITIALIZED_AUTOS = YES_AGGRESSIVE;
				GCC_WARN_UNUSED_FUNCTION = YES;
				GCC_WARN_UNUSED_VARIABLE = YES;
				IPHONEOS_DEPLOYMENT_TARGET = 16.4;
				MTL_ENABLE_DEBUG_INFO = INCLUDE_SOURCE;
				MTL_FAST_MATH = YES;
				ONLY_ACTIVE_ARCH = YES;
				SDKROOT = iphoneos;
				SWIFT_ACTIVE_COMPILATION_CONDITIONS = DEBUG;
				SWIFT_OPTIMIZATION_LEVEL = "-Onone";
			};
			name = Debug;
		};
		69E329B12B1E06710074C3F5 /* Release */ = {
			isa = XCBuildConfiguration;
			buildSettings = {
				ALWAYS_SEARCH_USER_PATHS = NO;
				CLANG_ANALYZER_NONNULL = YES;
				CLANG_ANALYZER_NUMBER_OBJECT_CONVERSION = YES_AGGRESSIVE;
				CLANG_CXX_LANGUAGE_STANDARD = "gnu++20";
				CLANG_ENABLE_MODULES = YES;
				CLANG_ENABLE_OBJC_ARC = YES;
				CLANG_ENABLE_OBJC_WEAK = YES;
				CLANG_WARN_BLOCK_CAPTURE_AUTORELEASING = YES;
				CLANG_WARN_BOOL_CONVERSION = YES;
				CLANG_WARN_COMMA = YES;
				CLANG_WARN_CONSTANT_CONVERSION = YES;
				CLANG_WARN_DEPRECATED_OBJC_IMPLEMENTATIONS = YES;
				CLANG_WARN_DIRECT_OBJC_ISA_USAGE = YES_ERROR;
				CLANG_WARN_DOCUMENTATION_COMMENTS = YES;
				CLANG_WARN_EMPTY_BODY = YES;
				CLANG_WARN_ENUM_CONVERSION = YES;
				CLANG_WARN_INFINITE_RECURSION = YES;
				CLANG_WARN_INT_CONVERSION = YES;
				CLANG_WARN_NON_LITERAL_NULL_CONVERSION = YES;
				CLANG_WARN_OBJC_IMPLICIT_RETAIN_SELF = YES;
				CLANG_WARN_OBJC_LITERAL_CONVERSION = YES;
				CLANG_WARN_OBJC_ROOT_CLASS = YES_ERROR;
				CLANG_WARN_QUOTED_INCLUDE_IN_FRAMEWORK_HEADER = YES;
				CLANG_WARN_RANGE_LOOP_ANALYSIS = YES;
				CLANG_WARN_STRICT_PROTOTYPES = YES;
				CLANG_WARN_SUSPICIOUS_MOVE = YES;
				CLANG_WARN_UNGUARDED_AVAILABILITY = YES_AGGRESSIVE;
				CLANG_WARN_UNREACHABLE_CODE = YES;
				CLANG_WARN__DUPLICATE_METHOD_MATCH = YES;
				COPY_PHASE_STRIP = NO;
				DEBUG_INFORMATION_FORMAT = "dwarf-with-dsym";
				ENABLE_NS_ASSERTIONS = NO;
				ENABLE_STRICT_OBJC_MSGSEND = YES;
				GCC_C_LANGUAGE_STANDARD = gnu11;
				GCC_NO_COMMON_BLOCKS = YES;
				GCC_WARN_64_TO_32_BIT_CONVERSION = YES;
				GCC_WARN_ABOUT_RETURN_TYPE = YES_ERROR;
				GCC_WARN_UNDECLARED_SELECTOR = YES;
				GCC_WARN_UNINITIALIZED_AUTOS = YES_AGGRESSIVE;
				GCC_WARN_UNUSED_FUNCTION = YES;
				GCC_WARN_UNUSED_VARIABLE = YES;
				IPHONEOS_DEPLOYMENT_TARGET = 16.4;
				MTL_ENABLE_DEBUG_INFO = NO;
				MTL_FAST_MATH = YES;
				SDKROOT = iphoneos;
				SWIFT_COMPILATION_MODE = wholemodule;
				SWIFT_OPTIMIZATION_LEVEL = "-O";
				VALIDATE_PRODUCT = YES;
			};
			name = Release;
		};
		69E329B32B1E06710074C3F5 /* Debug */ = {
			isa = XCBuildConfiguration;
			buildSettings = {
				ASSETCATALOG_COMPILER_APPICON_NAME = AppIcon;
				ASSETCATALOG_COMPILER_GLOBAL_ACCENT_COLOR_NAME = AccentColor;
				CODE_SIGN_STYLE = Automatic;
				CURRENT_PROJECT_VERSION = 1;
				DEVELOPMENT_ASSET_PATHS = "\"Africa/Preview Content\"";
				DEVELOPMENT_TEAM = WULX6P3673;
				ENABLE_PREVIEWS = YES;
				GENERATE_INFOPLIST_FILE = YES;
				INFOPLIST_FILE = Africa/Info.plist;
				INFOPLIST_KEY_UIApplicationSceneManifest_Generation = YES;
				INFOPLIST_KEY_UIApplicationSupportsIndirectInputEvents = YES;
				INFOPLIST_KEY_UISupportedInterfaceOrientations_iPad = "UIInterfaceOrientationPortrait UIInterfaceOrientationPortraitUpsideDown UIInterfaceOrientationLandscapeLeft UIInterfaceOrientationLandscapeRight";
				INFOPLIST_KEY_UISupportedInterfaceOrientations_iPhone = "UIInterfaceOrientationPortrait UIInterfaceOrientationLandscapeLeft UIInterfaceOrientationLandscapeRight";
				INFOPLIST_KEY_UIUserInterfaceStyle = Dark;
				LD_RUNPATH_SEARCH_PATHS = (
					"$(inherited)",
					"@executable_path/Frameworks",
				);
				MARKETING_VERSION = 1.0;
				PRODUCT_BUNDLE_IDENTIFIER = com.decentraa.Africa;
				PRODUCT_NAME = "$(TARGET_NAME)";
				SWIFT_EMIT_LOC_STRINGS = YES;
				SWIFT_VERSION = 5.0;
				TARGETED_DEVICE_FAMILY = "1,2";
			};
			name = Debug;
		};
		69E329B42B1E06710074C3F5 /* Release */ = {
			isa = XCBuildConfiguration;
			buildSettings = {
				ASSETCATALOG_COMPILER_APPICON_NAME = AppIcon;
				ASSETCATALOG_COMPILER_GLOBAL_ACCENT_COLOR_NAME = AccentColor;
				CODE_SIGN_STYLE = Automatic;
				CURRENT_PROJECT_VERSION = 1;
				DEVELOPMENT_ASSET_PATHS = "\"Africa/Preview Content\"";
				DEVELOPMENT_TEAM = WULX6P3673;
				ENABLE_PREVIEWS = YES;
				GENERATE_INFOPLIST_FILE = YES;
				INFOPLIST_FILE = Africa/Info.plist;
				INFOPLIST_KEY_UIApplicationSceneManifest_Generation = YES;
				INFOPLIST_KEY_UIApplicationSupportsIndirectInputEvents = YES;
				INFOPLIST_KEY_UISupportedInterfaceOrientations_iPad = "UIInterfaceOrientationPortrait UIInterfaceOrientationPortraitUpsideDown UIInterfaceOrientationLandscapeLeft UIInterfaceOrientationLandscapeRight";
				INFOPLIST_KEY_UISupportedInterfaceOrientations_iPhone = "UIInterfaceOrientationPortrait UIInterfaceOrientationLandscapeLeft UIInterfaceOrientationLandscapeRight";
				INFOPLIST_KEY_UIUserInterfaceStyle = Dark;
				LD_RUNPATH_SEARCH_PATHS = (
					"$(inherited)",
					"@executable_path/Frameworks",
				);
				MARKETING_VERSION = 1.0;
				PRODUCT_BUNDLE_IDENTIFIER = com.decentraa.Africa;
				PRODUCT_NAME = "$(TARGET_NAME)";
				SWIFT_EMIT_LOC_STRINGS = YES;
				SWIFT_VERSION = 5.0;
				TARGETED_DEVICE_FAMILY = "1,2";
			};
			name = Release;
		};
/* End XCBuildConfiguration section */

/* Begin XCConfigurationList section */
		69E3299F2B1E06700074C3F5 /* Build configuration list for PBXProject "Africa" */ = {
			isa = XCConfigurationList;
			buildConfigurations = (
				69E329B02B1E06710074C3F5 /* Debug */,
				69E329B12B1E06710074C3F5 /* Release */,
			);
			defaultConfigurationIsVisible = 0;
			defaultConfigurationName = Release;
		};
		69E329B22B1E06710074C3F5 /* Build configuration list for PBXNativeTarget "Africa" */ = {
			isa = XCConfigurationList;
			buildConfigurations = (
				69E329B32B1E06710074C3F5 /* Debug */,
				69E329B42B1E06710074C3F5 /* Release */,
			);
			defaultConfigurationIsVisible = 0;
			defaultConfigurationName = Release;
		};
/* End XCConfigurationList section */
	};
	rootObject = 69E3299C2B1E06700074C3F5 /* Project object */;
}
